
Microsoft Visual Studio Solution File, Format Version 12.00
# Visual Studio Version 16
VisualStudioVersion = 16.0.30413.136
MinimumVisualStudioVersion = 10.0.40219.1
Project("{FAE04EC0-301F-11D3-BF4B-00C04F79EFBC}") = "Salesforce-SAML-SSO-ASP-Net", "Salesforce-SAML-SSO-ASP-Net\Salesforce-SAML-SSO-ASP-Net.csproj", "{D9F040CD-F3B7-459C-A322-3E97703DE0CE}"
EndProject
Global
	GlobalSection(SolutionConfigurationPlatforms) = preSolution
		Debug|Any CPU = Debug|Any CPU
		Release|Any CPU = Release|Any CPU
	EndGlobalSection
	GlobalSection(ProjectConfigurationPlatforms) = postSolution
		{D9F040CD-F3B7-459C-A322-3E97703DE0CE}.Debug|Any CPU.ActiveCfg = Debug|Any CPU
		{D9F040CD-F3B7-459C-A322-3E97703DE0CE}.Debug|Any CPU.Build.0 = Debug|Any CPU
		{D9F040CD-F3B7-459C-A322-3E97703DE0CE}.Release|Any CPU.ActiveCfg = Release|Any CPU
		{D9F040CD-F3B7-459C-A322-3E97703DE0CE}.Release|Any CPU.Build.0 = Release|Any CPU
	EndGlobalSection
	GlobalSection(SolutionProperties) = preSolution
		HideSolutionNode = FALSE
	EndGlobalSection
	GlobalSection(ExtensibilityGlobals) = postSolution
		SolutionGuid = {E212FEA4-90D9-4B80-97CF-D038DF1F877B}
	EndGlobalSection
EndGlobal
